
Microsoft Visual Studio Solution File, Format Version 12.00
# Visual Studio Version 17
VisualStudioVersion = 17.8.34316.72
MinimumVisualStudioVersion = 10.0.40219.1
Project("{FAE04EC0-301F-11D3-BF4B-00C04F79EFBC}") = "CuellengeApp", "CuellengeApp\CuellengeApp.csproj", "{9A4D11B2-DF08-4451-824C-05A4D1D54D9E}"
EndProject
Global
	GlobalSection(SolutionConfigurationPlatforms) = preSolution
		Debug|Any CPU = Debug|Any CPU
		Release|Any CPU = Release|Any CPU
	EndGlobalSection
	GlobalSection(ProjectConfigurationPlatforms) = postSolution
		{9A4D11B2-DF08-4451-824C-05A4D1D54D9E}.Debug|Any CPU.ActiveCfg = Debug|Any CPU
		{9A4D11B2-DF08-4451-824C-05A4D1D54D9E}.Debug|Any CPU.Build.0 = Debug|Any CPU
		{9A4D11B2-DF08-4451-824C-05A4D1D54D9E}.Release|Any CPU.ActiveCfg = Release|Any CPU
		{9A4D11B2-DF08-4451-824C-05A4D1D54D9E}.Release|Any CPU.Build.0 = Release|Any CPU
	EndGlobalSection
	GlobalSection(SolutionProperties) = preSolution
		HideSolutionNode = FALSE
	EndGlobalSection
	GlobalSection(ExtensibilityGlobals) = postSolution
		SolutionGuid = {4E7ED164-1CF4-4FFE-8A29-656640764121}
	EndGlobalSection
EndGlobal
